// !$*UTF8*$!
{
	archiveVersion = 1;
	classes = {
	};
	objectVersion = 56;
	objects = {

/* Begin PBXBuildFile section */
		944958982AA25ED40000DD47 /* Launch Screen.storyboard in Resources */ = {isa = PBXBuildFile; fileRef = 944958972AA25ED40000DD47 /* Launch Screen.storyboard */; };
		9449589A2AA280E80000DD47 /* WelcomeScreen.swift in Sources */ = {isa = PBXBuildFile; fileRef = 944958992AA280E80000DD47 /* WelcomeScreen.swift */; };
		9453FFCB2AA20B8900A193DB /* spendwiseApp.swift in Sources */ = {isa = PBXBuildFile; fileRef = 9453FFCA2AA20B8900A193DB /* spendwiseApp.swift */; };
		9453FFCD2AA20B8900A193DB /* ContentView.swift in Sources */ = {isa = PBXBuildFile; fileRef = 9453FFCC2AA20B8900A193DB /* ContentView.swift */; };
		9453FFCF2AA20B8F00A193DB /* Assets.xcassets in Resources */ = {isa = PBXBuildFile; fileRef = 9453FFCE2AA20B8F00A193DB /* Assets.xcassets */; };
		9453FFD22AA20B8F00A193DB /* Preview Assets.xcassets in Resources */ = {isa = PBXBuildFile; fileRef = 9453FFD12AA20B8F00A193DB /* Preview Assets.xcassets */; };
		9453FFDC2AA20B9000A193DB /* spendwiseTests.swift in Sources */ = {isa = PBXBuildFile; fileRef = 9453FFDB2AA20B9000A193DB /* spendwiseTests.swift */; };
		9453FFE62AA20B9000A193DB /* spendwiseUITests.swift in Sources */ = {isa = PBXBuildFile; fileRef = 9453FFE52AA20B9000A193DB /* spendwiseUITests.swift */; };
		9453FFE82AA20B9000A193DB /* spendwiseUITestsLaunchTests.swift in Sources */ = {isa = PBXBuildFile; fileRef = 9453FFE72AA20B9000A193DB /* spendwiseUITestsLaunchTests.swift */; };
/* End PBXBuildFile section */

/* Begin PBXContainerItemProxy section */
		9453FFD82AA20B9000A193DB /* PBXContainerItemProxy */ = {
			isa = PBXContainerItemProxy;
			containerPortal = 9453FFBF2AA20B8800A193DB /* Project object */;
			proxyType = 1;
			remoteGlobalIDString = 9453FFC62AA20B8900A193DB;
			remoteInfo = spendwise;
		};
		9453FFE22AA20B9000A193DB /* PBXContainerItemProxy */ = {
			isa = PBXContainerItemProxy;
			containerPortal = 9453FFBF2AA20B8800A193DB /* Project object */;
			proxyType = 1;
			remoteGlobalIDString = 9453FFC62AA20B8900A193DB;
			remoteInfo = spendwise;
		};
/* End PBXContainerItemProxy section */

/* Begin PBXFileReference section */
		944958942AA25C4D0000DD47 /* Info.plist */ = {isa = PBXFileReference; lastKnownFileType = text.plist; path = Info.plist; sourceTree = "<group>"; };
		944958972AA25ED40000DD47 /* Launch Screen.storyboard */ = {isa = PBXFileReference; lastKnownFileType = file.storyboard; path = "Launch Screen.storyboard"; sourceTree = "<group>"; };
		944958992AA280E80000DD47 /* WelcomeScreen.swift */ = {isa = PBXFileReference; lastKnownFileType = sourcecode.swift; path = WelcomeScreen.swift; sourceTree = "<group>"; };
		9453FFC72AA20B8900A193DB /* spendwise.app */ = {isa = PBXFileReference; explicitFileType = wrapper.application; includeInIndex = 0; path = spendwise.app; sourceTree = BUILT_PRODUCTS_DIR; };
		9453FFCA2AA20B8900A193DB /* spendwiseApp.swift */ = {isa = PBXFileReference; lastKnownFileType = sourcecode.swift; path = spendwiseApp.swift; sourceTree = "<group>"; };
		9453FFCC2AA20B8900A193DB /* ContentView.swift */ = {isa = PBXFileReference; lastKnownFileType = sourcecode.swift; path = ContentView.swift; sourceTree = "<group>"; };
		9453FFCE2AA20B8F00A193DB /* Assets.xcassets */ = {isa = PBXFileReference; lastKnownFileType = folder.assetcatalog; path = Assets.xcassets; sourceTree = "<group>"; };
		9453FFD12AA20B8F00A193DB /* Preview Assets.xcassets */ = {isa = PBXFileReference; lastKnownFileType = folder.assetcatalog; path = "Preview Assets.xcassets"; sourceTree = "<group>"; };
		9453FFD72AA20B9000A193DB /* spendwiseTests.xctest */ = {isa = PBXFileReference; explicitFileType = wrapper.cfbundle; includeInIndex = 0; path = spendwiseTests.xctest; sourceTree = BUILT_PRODUCTS_DIR; };
		9453FFDB2AA20B9000A193DB /* spendwiseTests.swift */ = {isa = PBXFileReference; lastKnownFileType = sourcecode.swift; path = spendwiseTests.swift; sourceTree = "<group>"; };
		9453FFE12AA20B9000A193DB /* spendwiseUITests.xctest */ = {isa = PBXFileReference; explicitFileType = wrapper.cfbundle; includeInIndex = 0; path = spendwiseUITests.xctest; sourceTree = BUILT_PRODUCTS_DIR; };
		9453FFE52AA20B9000A193DB /* spendwiseUITests.swift */ = {isa = PBXFileReference; lastKnownFileType = sourcecode.swift; path = spendwiseUITests.swift; sourceTree = "<group>"; };
		9453FFE72AA20B9000A193DB /* spendwiseUITestsLaunchTests.swift */ = {isa = PBXFileReference; lastKnownFileType = sourcecode.swift; path = spendwiseUITestsLaunchTests.swift; sourceTree = "<group>"; };
/* End PBXFileReference section */

/* Begin PBXFrameworksBuildPhase section */
		9453FFC42AA20B8900A193DB /* Frameworks */ = {
			isa = PBXFrameworksBuildPhase;
			buildActionMask = 2147483647;
			files = (
			);
			runOnlyForDeploymentPostprocessing = 0;
		};
		9453FFD42AA20B9000A193DB /* Frameworks */ = {
			isa = PBXFrameworksBuildPhase;
			buildActionMask = 2147483647;
			files = (
			);
			runOnlyForDeploymentPostprocessing = 0;
		};
		9453FFDE2AA20B9000A193DB /* Frameworks */ = {
			isa = PBXFrameworksBuildPhase;
			buildActionMask = 2147483647;
			files = (
			);
			runOnlyForDeploymentPostprocessing = 0;
		};
/* End PBXFrameworksBuildPhase section */

/* Begin PBXGroup section */
		942D22002AA2424200E3CF9D /* Views */ = {
			isa = PBXGroup;
			children = (
				9453FFCC2AA20B8900A193DB /* ContentView.swift */,
				944958992AA280E80000DD47 /* WelcomeScreen.swift */,
			);
			path = Views;
			sourceTree = "<group>";
		};
		942D22012AA2425900E3CF9D /* Models */ = {
			isa = PBXGroup;
			children = (
			);
			path = Models;
			sourceTree = "<group>";
		};
		942D22022AA2426A00E3CF9D /* ViewModels */ = {
			isa = PBXGroup;
			children = (
			);
			path = ViewModels;
			sourceTree = "<group>";
		};
		9453FFBE2AA20B8800A193DB = {
			isa = PBXGroup;
			children = (
				9453FFC92AA20B8900A193DB /* spendwise */,
				9453FFDA2AA20B9000A193DB /* spendwiseTests */,
				9453FFE42AA20B9000A193DB /* spendwiseUITests */,
				9453FFC82AA20B8900A193DB /* Products */,
			);
			sourceTree = "<group>";
		};
		9453FFC82AA20B8900A193DB /* Products */ = {
			isa = PBXGroup;
			children = (
				9453FFC72AA20B8900A193DB /* spendwise.app */,
				9453FFD72AA20B9000A193DB /* spendwiseTests.xctest */,
				9453FFE12AA20B9000A193DB /* spendwiseUITests.xctest */,
			);
			name = Products;
			sourceTree = "<group>";
		};
		9453FFC92AA20B8900A193DB /* spendwise */ = {
			isa = PBXGroup;
			children = (
				944958942AA25C4D0000DD47 /* Info.plist */,
				942D22022AA2426A00E3CF9D /* ViewModels */,
				942D22012AA2425900E3CF9D /* Models */,
				942D22002AA2424200E3CF9D /* Views */,
				9453FFCA2AA20B8900A193DB /* spendwiseApp.swift */,
				9453FFCE2AA20B8F00A193DB /* Assets.xcassets */,
				9453FFD02AA20B8F00A193DB /* Preview Content */,
				944958972AA25ED40000DD47 /* Launch Screen.storyboard */,
			);
			path = spendwise;
			sourceTree = "<group>";
		};
		9453FFD02AA20B8F00A193DB /* Preview Content */ = {
			isa = PBXGroup;
			children = (
				9453FFD12AA20B8F00A193DB /* Preview Assets.xcassets */,
			);
			path = "Preview Content";
			sourceTree = "<group>";
		};
		9453FFDA2AA20B9000A193DB /* spendwiseTests */ = {
			isa = PBXGroup;
			children = (
				9453FFDB2AA20B9000A193DB /* spendwiseTests.swift */,
			);
			path = spendwiseTests;
			sourceTree = "<group>";
		};
		9453FFE42AA20B9000A193DB /* spendwiseUITests */ = {
			isa = PBXGroup;
			children = (
				9453FFE52AA20B9000A193DB /* spendwiseUITests.swift */,
				9453FFE72AA20B9000A193DB /* spendwiseUITestsLaunchTests.swift */,
			);
			path = spendwiseUITests;
			sourceTree = "<group>";
		};
/* End PBXGroup section */

/* Begin PBXNativeTarget section */
		9453FFC62AA20B8900A193DB /* spendwise */ = {
			isa = PBXNativeTarget;
			buildConfigurationList = 9453FFEB2AA20B9000A193DB /* Build configuration list for PBXNativeTarget "spendwise" */;
			buildPhases = (
				9453FFC32AA20B8900A193DB /* Sources */,
				9453FFC42AA20B8900A193DB /* Frameworks */,
				9453FFC52AA20B8900A193DB /* Resources */,
			);
			buildRules = (
			);
			dependencies = (
			);
			name = spendwise;
			productName = spendwise;
			productReference = 9453FFC72AA20B8900A193DB /* spendwise.app */;
			productType = "com.apple.product-type.application";
		};
		9453FFD62AA20B9000A193DB /* spendwiseTests */ = {
			isa = PBXNativeTarget;
			buildConfigurationList = 9453FFEE2AA20B9000A193DB /* Build configuration list for PBXNativeTarget "spendwiseTests" */;
			buildPhases = (
				9453FFD32AA20B9000A193DB /* Sources */,
				9453FFD42AA20B9000A193DB /* Frameworks */,
				9453FFD52AA20B9000A193DB /* Resources */,
			);
			buildRules = (
			);
			dependencies = (
				9453FFD92AA20B9000A193DB /* PBXTargetDependency */,
			);
			name = spendwiseTests;
			productName = spendwiseTests;
			productReference = 9453FFD72AA20B9000A193DB /* spendwiseTests.xctest */;
			productType = "com.apple.product-type.bundle.unit-test";
		};
		9453FFE02AA20B9000A193DB /* spendwiseUITests */ = {
			isa = PBXNativeTarget;
			buildConfigurationList = 9453FFF12AA20B9000A193DB /* Build configuration list for PBXNativeTarget "spendwiseUITests" */;
			buildPhases = (
				9453FFDD2AA20B9000A193DB /* Sources */,
				9453FFDE2AA20B9000A193DB /* Frameworks */,
				9453FFDF2AA20B9000A193DB /* Resources */,
			);
			buildRules = (
			);
			dependencies = (
				9453FFE32AA20B9000A193DB /* PBXTargetDependency */,
			);
			name = spendwiseUITests;
			productName = spendwiseUITests;
			productReference = 9453FFE12AA20B9000A193DB /* spendwiseUITests.xctest */;
			productType = "com.apple.product-type.bundle.ui-testing";
		};
/* End PBXNativeTarget section */

/* Begin PBXProject section */
		9453FFBF2AA20B8800A193DB /* Project object */ = {
			isa = PBXProject;
			attributes = {
				BuildIndependentTargetsInParallel = 1;
				LastSwiftUpdateCheck = 1430;
				LastUpgradeCheck = 1430;
				TargetAttributes = {
					9453FFC62AA20B8900A193DB = {
						CreatedOnToolsVersion = 14.3.1;
					};
					9453FFD62AA20B9000A193DB = {
						CreatedOnToolsVersion = 14.3.1;
						TestTargetID = 9453FFC62AA20B8900A193DB;
					};
					9453FFE02AA20B9000A193DB = {
						CreatedOnToolsVersion = 14.3.1;
						TestTargetID = 9453FFC62AA20B8900A193DB;
					};
				};
			};
			buildConfigurationList = 9453FFC22AA20B8800A193DB /* Build configuration list for PBXProject "spendwise" */;
			compatibilityVersion = "Xcode 14.0";
			developmentRegion = en;
			hasScannedForEncodings = 0;
			knownRegions = (
				en,
				Base,
			);
			mainGroup = 9453FFBE2AA20B8800A193DB;
			productRefGroup = 9453FFC82AA20B8900A193DB /* Products */;
			projectDirPath = "";
			projectRoot = "";
			targets = (
				9453FFC62AA20B8900A193DB /* spendwise */,
				9453FFD62AA20B9000A193DB /* spendwiseTests */,
				9453FFE02AA20B9000A193DB /* spendwiseUITests */,
			);
		};
/* End PBXProject section */

/* Begin PBXResourcesBuildPhase section */
		9453FFC52AA20B8900A193DB /* Resources */ = {
			isa = PBXResourcesBuildPhase;
			buildActionMask = 2147483647;
			files = (
				944958982AA25ED40000DD47 /* Launch Screen.storyboard in Resources */,
				9453FFD22AA20B8F00A193DB /* Preview Assets.xcassets in Resources */,
				9453FFCF2AA20B8F00A193DB /* Assets.xcassets in Resources */,
			);
			runOnlyForDeploymentPostprocessing = 0;
		};
		9453FFD52AA20B9000A193DB /* Resources */ = {
			isa = PBXResourcesBuildPhase;
			buildActionMask = 2147483647;
			files = (
			);
			runOnlyForDeploymentPostprocessing = 0;
		};
		9453FFDF2AA20B9000A193DB /* Resources */ = {
			isa = PBXResourcesBuildPhase;
			buildActionMask = 2147483647;
			files = (
			);
			runOnlyForDeploymentPostprocessing = 0;
		};
/* End PBXResourcesBuildPhase section */

/* Begin PBXSourcesBuildPhase section */
		9453FFC32AA20B8900A193DB /* Sources */ = {
			isa = PBXSourcesBuildPhase;
			buildActionMask = 2147483647;
			files = (
				9449589A2AA280E80000DD47 /* WelcomeScreen.swift in Sources */,
				9453FFCD2AA20B8900A193DB /* ContentView.swift in Sources */,
				9453FFCB2AA20B8900A193DB /* spendwiseApp.swift in Sources */,
			);
			runOnlyForDeploymentPostprocessing = 0;
		};
		9453FFD32AA20B9000A193DB /* Sources */ = {
			isa = PBXSourcesBuildPhase;
			buildActionMask = 2147483647;
			files = (
				9453FFDC2AA20B9000A193DB /* spendwiseTests.swift in Sources */,
			);
			runOnlyForDeploymentPostprocessing = 0;
		};
		9453FFDD2AA20B9000A193DB /* Sources */ = {
			isa = PBXSourcesBuildPhase;
			buildActionMask = 2147483647;
			files = (
				9453FFE62AA20B9000A193DB /* spendwiseUITests.swift in Sources */,
				9453FFE82AA20B9000A193DB /* spendwiseUITestsLaunchTests.swift in Sources */,
			);
			runOnlyForDeploymentPostprocessing = 0;
		};
/* End PBXSourcesBuildPhase section */

/* Begin PBXTargetDependency section */
		9453FFD92AA20B9000A193DB /* PBXTargetDependency */ = {
			isa = PBXTargetDependency;
			target = 9453FFC62AA20B8900A193DB /* spendwise */;
			targetProxy = 9453FFD82AA20B9000A193DB /* PBXContainerItemProxy */;
		};
		9453FFE32AA20B9000A193DB /* PBXTargetDependency */ = {
			isa = PBXTargetDependency;
			target = 9453FFC62AA20B8900A193DB /* spendwise */;
			targetProxy = 9453FFE22AA20B9000A193DB /* PBXContainerItemProxy */;
		};
/* End PBXTargetDependency section */

/* Begin XCBuildConfiguration section */
		9453FFE92AA20B9000A193DB /* Debug */ = {
			isa = XCBuildConfiguration;
			buildSettings = {
				ALWAYS_SEARCH_USER_PATHS = NO;
				CLANG_ANALYZER_NONNULL = YES;
				CLANG_ANALYZER_NUMBER_OBJECT_CONVERSION = YES_AGGRESSIVE;
				CLANG_CXX_LANGUAGE_STANDARD = "gnu++20";
				CLANG_ENABLE_MODULES = YES;
				CLANG_ENABLE_OBJC_ARC = YES;
				CLANG_ENABLE_OBJC_WEAK = YES;
				CLANG_WARN_BLOCK_CAPTURE_AUTORELEASING = YES;
				CLANG_WARN_BOOL_CONVERSION = YES;
				CLANG_WARN_COMMA = YES;
				CLANG_WARN_CONSTANT_CONVERSION = YES;
				CLANG_WARN_DEPRECATED_OBJC_IMPLEMENTATIONS = YES;
				CLANG_WARN_DIRECT_OBJC_ISA_USAGE = YES_ERROR;
				CLANG_WARN_DOCUMENTATION_COMMENTS = YES;
				CLANG_WARN_EMPTY_BODY = YES;
				CLANG_WARN_ENUM_CONVERSION = YES;
				CLANG_WARN_INFINITE_RECURSION = YES;
				CLANG_WARN_INT_CONVERSION = YES;
				CLANG_WARN_NON_LITERAL_NULL_CONVERSION = YES;
				CLANG_WARN_OBJC_IMPLICIT_RETAIN_SELF = YES;
				CLANG_WARN_OBJC_LITERAL_CONVERSION = YES;
				CLANG_WARN_OBJC_ROOT_CLASS = YES_ERROR;
				CLANG_WARN_QUOTED_INCLUDE_IN_FRAMEWORK_HEADER = YES;
				CLANG_WARN_RANGE_LOOP_ANALYSIS = YES;
				CLANG_WARN_STRICT_PROTOTYPES = YES;
				CLANG_WARN_SUSPICIOUS_MOVE = YES;
				CLANG_WARN_UNGUARDED_AVAILABILITY = YES_AGGRESSIVE;
				CLANG_WARN_UNREACHABLE_CODE = YES;
				CLANG_WARN__DUPLICATE_METHOD_MATCH = YES;
				COPY_PHASE_STRIP = NO;
				DEBUG_INFORMATION_FORMAT = dwarf;
				ENABLE_STRICT_OBJC_MSGSEND = YES;
				ENABLE_TESTABILITY = YES;
				GCC_C_LANGUAGE_STANDARD = gnu11;
				GCC_DYNAMIC_NO_PIC = NO;
				GCC_NO_COMMON_BLOCKS = YES;
				GCC_OPTIMIZATION_LEVEL = 0;
				GCC_PREPROCESSOR_DEFINITIONS = (
					"DEBUG=1",
					"$(inherited)",
				);
				GCC_WARN_64_TO_32_BIT_CONVERSION = YES;
				GCC_WARN_ABOUT_RETURN_TYPE = YES_ERROR;
				GCC_WARN_UNDECLARED_SELECTOR = YES;
				GCC_WARN_UNINITIALIZED_AUTOS = YES_AGGRESSIVE;
				GCC_WARN_UNUSED_FUNCTION = YES;
				GCC_WARN_UNUSED_VARIABLE = YES;
				IPHONEOS_DEPLOYMENT_TARGET = 16.4;
				MTL_ENABLE_DEBUG_INFO = INCLUDE_SOURCE;
				MTL_FAST_MATH = YES;
				ONLY_ACTIVE_ARCH = YES;
				SDKROOT = iphoneos;
				SWIFT_ACTIVE_COMPILATION_CONDITIONS = DEBUG;
				SWIFT_OPTIMIZATION_LEVEL = "-Onone";
			};
			name = Debug;
		};
		9453FFEA2AA20B9000A193DB /* Release */ = {
			isa = XCBuildConfiguration;
			buildSettings = {
				ALWAYS_SEARCH_USER_PATHS = NO;
				CLANG_ANALYZER_NONNULL = YES;
				CLANG_ANALYZER_NUMBER_OBJECT_CONVERSION = YES_AGGRESSIVE;
				CLANG_CXX_LANGUAGE_STANDARD = "gnu++20";
				CLANG_ENABLE_MODULES = YES;
				CLANG_ENABLE_OBJC_ARC = YES;
				CLANG_ENABLE_OBJC_WEAK = YES;
				CLANG_WARN_BLOCK_CAPTURE_AUTORELEASING = YES;
				CLANG_WARN_BOOL_CONVERSION = YES;
				CLANG_WARN_COMMA = YES;
				CLANG_WARN_CONSTANT_CONVERSION = YES;
				CLANG_WARN_DEPRECATED_OBJC_IMPLEMENTATIONS = YES;
				CLANG_WARN_DIRECT_OBJC_ISA_USAGE = YES_ERROR;
				CLANG_WARN_DOCUMENTATION_COMMENTS = YES;
				CLANG_WARN_EMPTY_BODY = YES;
				CLANG_WARN_ENUM_CONVERSION = YES;
				CLANG_WARN_INFINITE_RECURSION = YES;
				CLANG_WARN_INT_CONVERSION = YES;
				CLANG_WARN_NON_LITERAL_NULL_CONVERSION = YES;
				CLANG_WARN_OBJC_IMPLICIT_RETAIN_SELF = YES;
				CLANG_WARN_OBJC_LITERAL_CONVERSION = YES;
				CLANG_WARN_OBJC_ROOT_CLASS = YES_ERROR;
				CLANG_WARN_QUOTED_INCLUDE_IN_FRAMEWORK_HEADER = YES;
				CLANG_WARN_RANGE_LOOP_ANALYSIS = YES;
				CLANG_WARN_STRICT_PROTOTYPES = YES;
				CLANG_WARN_SUSPICIOUS_MOVE = YES;
				CLANG_WARN_UNGUARDED_AVAILABILITY = YES_AGGRESSIVE;
				CLANG_WARN_UNREACHABLE_CODE = YES;
				CLANG_WARN__DUPLICATE_METHOD_MATCH = YES;
				COPY_PHASE_STRIP = NO;
				DEBUG_INFORMATION_FORMAT = "dwarf-with-dsym";
				ENABLE_NS_ASSERTIONS = NO;
				ENABLE_STRICT_OBJC_MSGSEND = YES;
				GCC_C_LANGUAGE_STANDARD = gnu11;
				GCC_NO_COMMON_BLOCKS = YES;
				GCC_WARN_64_TO_32_BIT_CONVERSION = YES;
				GCC_WARN_ABOUT_RETURN_TYPE = YES_ERROR;
				GCC_WARN_UNDECLARED_SELECTOR = YES;
				GCC_WARN_UNINITIALIZED_AUTOS = YES_AGGRESSIVE;
				GCC_WARN_UNUSED_FUNCTION = YES;
				GCC_WARN_UNUSED_VARIABLE = YES;
				IPHONEOS_DEPLOYMENT_TARGET = 16.4;
				MTL_ENABLE_DEBUG_INFO = NO;
				MTL_FAST_MATH = YES;
				SDKROOT = iphoneos;
				SWIFT_COMPILATION_MODE = wholemodule;
				SWIFT_OPTIMIZATION_LEVEL = "-O";
				VALIDATE_PRODUCT = YES;
			};
			name = Release;
		};
		9453FFEC2AA20B9000A193DB /* Debug */ = {
			isa = XCBuildConfiguration;
			buildSettings = {
				ASSETCATALOG_COMPILER_APPICON_NAME = AppIcon;
				ASSETCATALOG_COMPILER_GLOBAL_ACCENT_COLOR_NAME = AccentColor;
				CODE_SIGN_STYLE = Automatic;
				CURRENT_PROJECT_VERSION = 1;
				DEVELOPMENT_ASSET_PATHS = "\"spendwise/Preview Content\"";
				DEVELOPMENT_TEAM = JKJR3RLZTZ;
				ENABLE_PREVIEWS = YES;
				GENERATE_INFOPLIST_FILE = YES;
				INFOPLIST_FILE = spendwise/Info.plist;
				INFOPLIST_KEY_CFBundleDisplayName = SpendWise;
				INFOPLIST_KEY_LSApplicationCategoryType = "public.app-category.finance";
				INFOPLIST_KEY_UIApplicationSceneManifest_Generation = YES;
				INFOPLIST_KEY_UIApplicationSupportsIndirectInputEvents = YES;
				INFOPLIST_KEY_UILaunchScreen_Generation = YES;
				INFOPLIST_KEY_UILaunchStoryboardName = "Launch Screen.storyboard";
				INFOPLIST_KEY_UISupportedInterfaceOrientations_iPad = "UIInterfaceOrientationPortrait UIInterfaceOrientationPortraitUpsideDown UIInterfaceOrientationLandscapeLeft UIInterfaceOrientationLandscapeRight";
				INFOPLIST_KEY_UISupportedInterfaceOrientations_iPhone = UIInterfaceOrientationPortrait;
				IPHONEOS_DEPLOYMENT_TARGET = 15.0;
				LD_RUNPATH_SEARCH_PATHS = (
					"$(inherited)",
					"@executable_path/Frameworks",
				);
				MARKETING_VERSION = 1.0;
				PRODUCT_BUNDLE_IDENTIFIER = com.spendwise;
				PRODUCT_NAME = "$(TARGET_NAME)";
				SWIFT_EMIT_LOC_STRINGS = YES;
				SWIFT_VERSION = 5.0;
				TARGETED_DEVICE_FAMILY = "1,2";
			};
			name = Debug;
		};
		9453FFED2AA20B9000A193DB /* Release */ = {
			isa = XCBuildConfiguration;
			buildSettings = {
				ASSETCATALOG_COMPILER_APPICON_NAME = AppIcon;
				ASSETCATALOG_COMPILER_GLOBAL_ACCENT_COLOR_NAME = AccentColor;
				CODE_SIGN_STYLE = Automatic;
				CURRENT_PROJECT_VERSION = 1;
				DEVELOPMENT_ASSET_PATHS = "\"spendwise/Preview Content\"";
				DEVELOPMENT_TEAM = JKJR3RLZTZ;
				ENABLE_PREVIEWS = YES;
				GENERATE_INFOPLIST_FILE = YES;
				INFOPLIST_FILE = spendwise/Info.plist;
				INFOPLIST_KEY_CFBundleDisplayName = SpendWise;
				INFOPLIST_KEY_LSApplicationCategoryType = "public.app-category.finance";
				INFOPLIST_KEY_UIApplicationSceneManifest_Generation = YES;
				INFOPLIST_KEY_UIApplicationSupportsIndirectInputEvents = YES;
				INFOPLIST_KEY_UILaunchScreen_Generation = YES;
				INFOPLIST_KEY_UILaunchStoryboardName = "Launch Screen.storyboard";
				INFOPLIST_KEY_UISupportedInterfaceOrientations_iPad = "UIInterfaceOrientationPortrait UIInterfaceOrientationPortraitUpsideDown UIInterfaceOrientationLandscapeLeft UIInterfaceOrientationLandscapeRight";
				INFOPLIST_KEY_UISupportedInterfaceOrientations_iPhone = UIInterfaceOrientationPortrait;
				IPHONEOS_DEPLOYMENT_TARGET = 15.0;
				LD_RUNPATH_SEARCH_PATHS = (
					"$(inherited)",
					"@executable_path/Frameworks",
				);
				MARKETING_VERSION = 1.0;
				PRODUCT_BUNDLE_IDENTIFIER = com.spendwise;
				PRODUCT_NAME = "$(TARGET_NAME)";
				SWIFT_EMIT_LOC_STRINGS = YES;
				SWIFT_VERSION = 5.0;
				TARGETED_DEVICE_FAMILY = "1,2";
			};
			name = Release;
		};
		9453FFEF2AA20B9000A193DB /* Debug */ = {
			isa = XCBuildConfiguration;
			buildSettings = {
				ALWAYS_EMBED_SWIFT_STANDARD_LIBRARIES = YES;
				BUNDLE_LOADER = "$(TEST_HOST)";
				CODE_SIGN_STYLE = Automatic;
				CURRENT_PROJECT_VERSION = 1;
				GENERATE_INFOPLIST_FILE = YES;
				IPHONEOS_DEPLOYMENT_TARGET = 16.4;
				MARKETING_VERSION = 1.0;
				PRODUCT_BUNDLE_IDENTIFIER = com.spendwiseTests;
				PRODUCT_NAME = "$(TARGET_NAME)";
				SWIFT_EMIT_LOC_STRINGS = NO;
				SWIFT_VERSION = 5.0;
				TARGETED_DEVICE_FAMILY = "1,2";
				TEST_HOST = "$(BUILT_PRODUCTS_DIR)/spendwise.app/$(BUNDLE_EXECUTABLE_FOLDER_PATH)/spendwise";
			};
			name = Debug;
		};
		9453FFF02AA20B9000A193DB /* Release */ = {
			isa = XCBuildConfiguration;
			buildSettings = {
				ALWAYS_EMBED_SWIFT_STANDARD_LIBRARIES = YES;
				BUNDLE_LOADER = "$(TEST_HOST)";
				CODE_SIGN_STYLE = Automatic;
				CURRENT_PROJECT_VERSION = 1;
				GENERATE_INFOPLIST_FILE = YES;
				IPHONEOS_DEPLOYMENT_TARGET = 16.4;
				MARKETING_VERSION = 1.0;
				PRODUCT_BUNDLE_IDENTIFIER = com.spendwiseTests;
				PRODUCT_NAME = "$(TARGET_NAME)";
				SWIFT_EMIT_LOC_STRINGS = NO;
				SWIFT_VERSION = 5.0;
				TARGETED_DEVICE_FAMILY = "1,2";
				TEST_HOST = "$(BUILT_PRODUCTS_DIR)/spendwise.app/$(BUNDLE_EXECUTABLE_FOLDER_PATH)/spendwise";
			};
			name = Release;
		};
		9453FFF22AA20B9000A193DB /* Debug */ = {
			isa = XCBuildConfiguration;
			buildSettings = {
				ALWAYS_EMBED_SWIFT_STANDARD_LIBRARIES = YES;
				CODE_SIGN_STYLE = Automatic;
				CURRENT_PROJECT_VERSION = 1;
				GENERATE_INFOPLIST_FILE = YES;
				MARKETING_VERSION = 1.0;
				PRODUCT_BUNDLE_IDENTIFIER = com.spendwiseUITests;
				PRODUCT_NAME = "$(TARGET_NAME)";
				SWIFT_EMIT_LOC_STRINGS = NO;
				SWIFT_VERSION = 5.0;
				TARGETED_DEVICE_FAMILY = "1,2";
				TEST_TARGET_NAME = spendwise;
			};
			name = Debug;
		};
		9453FFF32AA20B9000A193DB /* Release */ = {
			isa = XCBuildConfiguration;
			buildSettings = {
				ALWAYS_EMBED_SWIFT_STANDARD_LIBRARIES = YES;
				CODE_SIGN_STYLE = Automatic;
				CURRENT_PROJECT_VERSION = 1;
				GENERATE_INFOPLIST_FILE = YES;
				MARKETING_VERSION = 1.0;
				PRODUCT_BUNDLE_IDENTIFIER = com.spendwiseUITests;
				PRODUCT_NAME = "$(TARGET_NAME)";
				SWIFT_EMIT_LOC_STRINGS = NO;
				SWIFT_VERSION = 5.0;
				TARGETED_DEVICE_FAMILY = "1,2";
				TEST_TARGET_NAME = spendwise;
			};
			name = Release;
		};
/* End XCBuildConfiguration section */

/* Begin XCConfigurationList section */
		9453FFC22AA20B8800A193DB /* Build configuration list for PBXProject "spendwise" */ = {
			isa = XCConfigurationList;
			buildConfigurations = (
				9453FFE92AA20B9000A193DB /* Debug */,
				9453FFEA2AA20B9000A193DB /* Release */,
			);
			defaultConfigurationIsVisible = 0;
			defaultConfigurationName = Release;
		};
		9453FFEB2AA20B9000A193DB /* Build configuration list for PBXNativeTarget "spendwise" */ = {
			isa = XCConfigurationList;
			buildConfigurations = (
				9453FFEC2AA20B9000A193DB /* Debug */,
				9453FFED2AA20B9000A193DB /* Release */,
			);
			defaultConfigurationIsVisible = 0;
			defaultConfigurationName = Release;
		};
		9453FFEE2AA20B9000A193DB /* Build configuration list for PBXNativeTarget "spendwiseTests" */ = {
			isa = XCConfigurationList;
			buildConfigurations = (
				9453FFEF2AA20B9000A193DB /* Debug */,
				9453FFF02AA20B9000A193DB /* Release */,
			);
			defaultConfigurationIsVisible = 0;
			defaultConfigurationName = Release;
		};
		9453FFF12AA20B9000A193DB /* Build configuration list for PBXNativeTarget "spendwiseUITests" */ = {
			isa = XCConfigurationList;
			buildConfigurations = (
				9453FFF22AA20B9000A193DB /* Debug */,
				9453FFF32AA20B9000A193DB /* Release */,
			);
			defaultConfigurationIsVisible = 0;
			defaultConfigurationName = Release;
		};
/* End XCConfigurationList section */
	};
	rootObject = 9453FFBF2AA20B8800A193DB /* Project object */;
}
