// !$*UTF8*$!
{
	archiveVersion = 1;
	classes = {
	};
	objectVersion = 56;
	objects = {

/* Begin PBXBuildFile section */
		940A64362AC7A37600C187D9 /* TransactionViewModel.swift in Sources */ = {isa = PBXBuildFile; fileRef = 940A64352AC7A37600C187D9 /* TransactionViewModel.swift */; };
		941328E22AADCA8500C50DFA /* UnevenRoundedRectangleViewShape.swift in Sources */ = {isa = PBXBuildFile; fileRef = 941328E12AADCA8400C50DFA /* UnevenRoundedRectangleViewShape.swift */; };
		941328E52AAE1C9B00C50DFA /* CurrencyFormatter.swift in Sources */ = {isa = PBXBuildFile; fileRef = 941328E42AAE1C9B00C50DFA /* CurrencyFormatter.swift */; };
		94192AF92AB11CD200864CBF /* RoundedRectProgressViewStyle.swift in Sources */ = {isa = PBXBuildFile; fileRef = 94192AF82AB11CD200864CBF /* RoundedRectProgressViewStyle.swift */; };
		9421C30B2AAF8401004F0A65 /* CurrencyView.swift in Sources */ = {isa = PBXBuildFile; fileRef = 9421C30A2AAF8401004F0A65 /* CurrencyView.swift */; };
		9421C30D2AAF8428004F0A65 /* LanguageView.swift in Sources */ = {isa = PBXBuildFile; fileRef = 9421C30C2AAF8428004F0A65 /* LanguageView.swift */; };
		9421C30F2AAF8450004F0A65 /* ThemeView.swift in Sources */ = {isa = PBXBuildFile; fileRef = 9421C30E2AAF8450004F0A65 /* ThemeView.swift */; };
		9421C3112AAF84A7004F0A65 /* SecurityView.swift in Sources */ = {isa = PBXBuildFile; fileRef = 9421C3102AAF84A7004F0A65 /* SecurityView.swift */; };
		9421C3132AAFBE56004F0A65 /* CustomContainerBodyView.swift in Sources */ = {isa = PBXBuildFile; fileRef = 9421C3122AAFBE56004F0A65 /* CustomContainerBodyView.swift */; };
		9425511F2AB2257500AA33F3 /* BudgetViewModel.swift in Sources */ = {isa = PBXBuildFile; fileRef = 9425511E2AB2257500AA33F3 /* BudgetViewModel.swift */; };
		942551222AB22B5400AA33F3 /* ApiService.swift in Sources */ = {isa = PBXBuildFile; fileRef = 942551212AB22B5400AA33F3 /* ApiService.swift */; };
		942551272AB24E9000AA33F3 /* HomeViewModel.swift in Sources */ = {isa = PBXBuildFile; fileRef = 942551262AB24E9000AA33F3 /* HomeViewModel.swift */; };
		943C8F7F2ABE0ECB0007180D /* Chart.swift in Sources */ = {isa = PBXBuildFile; fileRef = 943C8F7E2ABE0ECB0007180D /* Chart.swift */; };
		944010AC2AA4A83C00648E4A /* CustomTopNavigationView.swift in Sources */ = {isa = PBXBuildFile; fileRef = 944010AB2AA4A83C00648E4A /* CustomTopNavigationView.swift */; };
		944010AE2AA4DD1700648E4A /* WeeklyBarChartView.swift in Sources */ = {isa = PBXBuildFile; fileRef = 944010AD2AA4DD1700648E4A /* WeeklyBarChartView.swift */; };
		9443A0062AAB235D00902E88 /* BudgetChartView.swift in Sources */ = {isa = PBXBuildFile; fileRef = 9443A0052AAB235D00902E88 /* BudgetChartView.swift */; };
		9443A0082AAB81BC00902E88 /* BudgetCategory.swift in Sources */ = {isa = PBXBuildFile; fileRef = 9443A0072AAB81BC00902E88 /* BudgetCategory.swift */; };
		9443A00A2AAB87EA00902E88 /* User.swift in Sources */ = {isa = PBXBuildFile; fileRef = 9443A0092AAB87EA00902E88 /* User.swift */; };
		9443A00E2AAB90C300902E88 /* Transaction.swift in Sources */ = {isa = PBXBuildFile; fileRef = 9443A00D2AAB90C300902E88 /* Transaction.swift */; };
		944958982AA25ED40000DD47 /* Launch Screen.storyboard in Resources */ = {isa = PBXBuildFile; fileRef = 944958972AA25ED40000DD47 /* Launch Screen.storyboard */; };
		9449589A2AA280E80000DD47 /* WelcomeView.swift in Sources */ = {isa = PBXBuildFile; fileRef = 944958992AA280E80000DD47 /* WelcomeView.swift */; };
		9453FFCB2AA20B8900A193DB /* spendwiseApp.swift in Sources */ = {isa = PBXBuildFile; fileRef = 9453FFCA2AA20B8900A193DB /* spendwiseApp.swift */; };
		9453FFCD2AA20B8900A193DB /* ContentView.swift in Sources */ = {isa = PBXBuildFile; fileRef = 9453FFCC2AA20B8900A193DB /* ContentView.swift */; };
		9453FFCF2AA20B8F00A193DB /* Assets.xcassets in Resources */ = {isa = PBXBuildFile; fileRef = 9453FFCE2AA20B8F00A193DB /* Assets.xcassets */; };
		9453FFD22AA20B8F00A193DB /* Preview Assets.xcassets in Resources */ = {isa = PBXBuildFile; fileRef = 9453FFD12AA20B8F00A193DB /* Preview Assets.xcassets */; };
		9453FFDC2AA20B9000A193DB /* spendwiseTests.swift in Sources */ = {isa = PBXBuildFile; fileRef = 9453FFDB2AA20B9000A193DB /* spendwiseTests.swift */; };
		9453FFE62AA20B9000A193DB /* spendwiseUITests.swift in Sources */ = {isa = PBXBuildFile; fileRef = 9453FFE52AA20B9000A193DB /* spendwiseUITests.swift */; };
		9453FFE82AA20B9000A193DB /* spendwiseUITestsLaunchTests.swift in Sources */ = {isa = PBXBuildFile; fileRef = 9453FFE72AA20B9000A193DB /* spendwiseUITestsLaunchTests.swift */; };
		94672F252AA900C40076EE60 /* TabBar.swift in Sources */ = {isa = PBXBuildFile; fileRef = 94672F242AA900C40076EE60 /* TabBar.swift */; };
		94672F272AA901C20076EE60 /* BottomNavigationBarView.swift in Sources */ = {isa = PBXBuildFile; fileRef = 94672F262AA901C20076EE60 /* BottomNavigationBarView.swift */; };
		946AADA02AA347A800474ABE /* SigninView.swift in Sources */ = {isa = PBXBuildFile; fileRef = 946AAD9F2AA347A800474ABE /* SigninView.swift */; };
		946AADA22AA347D800474ABE /* SignupView.swift in Sources */ = {isa = PBXBuildFile; fileRef = 946AADA12AA347D800474ABE /* SignupView.swift */; };
		946AADA42AA3484200474ABE /* ForgetPasswordView.swift in Sources */ = {isa = PBXBuildFile; fileRef = 946AADA32AA3484200474ABE /* ForgetPasswordView.swift */; };
		946AADAD2AA34C5700474ABE /* HomeView.swift in Sources */ = {isa = PBXBuildFile; fileRef = 946AADAC2AA34C5700474ABE /* HomeView.swift */; };
		946AADB22AA35FFD00474ABE /* NotificationView.swift in Sources */ = {isa = PBXBuildFile; fileRef = 946AADB12AA35FFD00474ABE /* NotificationView.swift */; };
		946AADBB2AA3614E00474ABE /* NewTransactionView.swift in Sources */ = {isa = PBXBuildFile; fileRef = 946AADBA2AA3614E00474ABE /* NewTransactionView.swift */; };
		946AADBD2AA3617A00474ABE /* TransactionDetailView.swift in Sources */ = {isa = PBXBuildFile; fileRef = 946AADBC2AA3617A00474ABE /* TransactionDetailView.swift */; };
		946AADBF2AA3630100474ABE /* AccountView.swift in Sources */ = {isa = PBXBuildFile; fileRef = 946AADBE2AA3630100474ABE /* AccountView.swift */; };
		946AADC12AA3632F00474ABE /* ProfileView.swift in Sources */ = {isa = PBXBuildFile; fileRef = 946AADC02AA3632F00474ABE /* ProfileView.swift */; };
		946AADC32AA3633E00474ABE /* SettingsView.swift in Sources */ = {isa = PBXBuildFile; fileRef = 946AADC22AA3633E00474ABE /* SettingsView.swift */; };
		946AADC52AA3636600474ABE /* NewBudgetView.swift in Sources */ = {isa = PBXBuildFile; fileRef = 946AADC42AA3636600474ABE /* NewBudgetView.swift */; };
		946AADC72AA3639200474ABE /* DetailBudgetView.swift in Sources */ = {isa = PBXBuildFile; fileRef = 946AADC62AA3639200474ABE /* DetailBudgetView.swift */; };
		946AADC92AA363CF00474ABE /* BudgetView.swift in Sources */ = {isa = PBXBuildFile; fileRef = 946AADC82AA363CF00474ABE /* BudgetView.swift */; };
		946AADCB2AA3651800474ABE /* TransactionView.swift in Sources */ = {isa = PBXBuildFile; fileRef = 946AADCA2AA3651800474ABE /* TransactionView.swift */; };
		946AADCF2AA3656F00474ABE /* FinancialReportView.swift in Sources */ = {isa = PBXBuildFile; fileRef = 946AADCE2AA3656F00474ABE /* FinancialReportView.swift */; };
		946AADD22AA369E900474ABE /* Constants.swift in Sources */ = {isa = PBXBuildFile; fileRef = 946AADD12AA369E900474ABE /* Constants.swift */; };
		946AADD42AA3D33000474ABE /* CurvedSideRectangleViewShape.swift in Sources */ = {isa = PBXBuildFile; fileRef = 946AADD32AA3D33000474ABE /* CurvedSideRectangleViewShape.swift */; };
		9485A35E2ABC8C2A0007D5AF /* OverallBudgetCategoryCardView.swift in Sources */ = {isa = PBXBuildFile; fileRef = 9485A35D2ABC8C2A0007D5AF /* OverallBudgetCategoryCardView.swift */; };
		94F610242AC8DDDE0081528D /* OnboardingView.swift in Sources */ = {isa = PBXBuildFile; fileRef = 94F610232AC8DDDE0081528D /* OnboardingView.swift */; };
		94F89DA72AC0B9B3000D2233 /* BottomLineTextFieldView.swift in Sources */ = {isa = PBXBuildFile; fileRef = 94F89DA62AC0B9B3000D2233 /* BottomLineTextFieldView.swift */; };
		94F89DA92AC0BE44000D2233 /* SelectOptionView.swift in Sources */ = {isa = PBXBuildFile; fileRef = 94F89DA82AC0BE44000D2233 /* SelectOptionView.swift */; };
/* End PBXBuildFile section */

/* Begin PBXContainerItemProxy section */
		9453FFD82AA20B9000A193DB /* PBXContainerItemProxy */ = {
			isa = PBXContainerItemProxy;
			containerPortal = 9453FFBF2AA20B8800A193DB /* Project object */;
			proxyType = 1;
			remoteGlobalIDString = 9453FFC62AA20B8900A193DB;
			remoteInfo = spendwise;
		};
		9453FFE22AA20B9000A193DB /* PBXContainerItemProxy */ = {
			isa = PBXContainerItemProxy;
			containerPortal = 9453FFBF2AA20B8800A193DB /* Project object */;
			proxyType = 1;
			remoteGlobalIDString = 9453FFC62AA20B8900A193DB;
			remoteInfo = spendwise;
		};
/* End PBXContainerItemProxy section */

/* Begin PBXFileReference section */
		940A64352AC7A37600C187D9 /* TransactionViewModel.swift */ = {isa = PBXFileReference; lastKnownFileType = sourcecode.swift; path = TransactionViewModel.swift; sourceTree = "<group>"; };
		941328E12AADCA8400C50DFA /* UnevenRoundedRectangleViewShape.swift */ = {isa = PBXFileReference; lastKnownFileType = sourcecode.swift; path = UnevenRoundedRectangleViewShape.swift; sourceTree = "<group>"; };
		941328E42AAE1C9B00C50DFA /* CurrencyFormatter.swift */ = {isa = PBXFileReference; lastKnownFileType = sourcecode.swift; path = CurrencyFormatter.swift; sourceTree = "<group>"; };
		94192AF82AB11CD200864CBF /* RoundedRectProgressViewStyle.swift */ = {isa = PBXFileReference; lastKnownFileType = sourcecode.swift; path = RoundedRectProgressViewStyle.swift; sourceTree = "<group>"; };
		9421C30A2AAF8401004F0A65 /* CurrencyView.swift */ = {isa = PBXFileReference; lastKnownFileType = sourcecode.swift; path = CurrencyView.swift; sourceTree = "<group>"; };
		9421C30C2AAF8428004F0A65 /* LanguageView.swift */ = {isa = PBXFileReference; lastKnownFileType = sourcecode.swift; path = LanguageView.swift; sourceTree = "<group>"; };
		9421C30E2AAF8450004F0A65 /* ThemeView.swift */ = {isa = PBXFileReference; lastKnownFileType = sourcecode.swift; path = ThemeView.swift; sourceTree = "<group>"; };
		9421C3102AAF84A7004F0A65 /* SecurityView.swift */ = {isa = PBXFileReference; lastKnownFileType = sourcecode.swift; path = SecurityView.swift; sourceTree = "<group>"; };
		9421C3122AAFBE56004F0A65 /* CustomContainerBodyView.swift */ = {isa = PBXFileReference; lastKnownFileType = sourcecode.swift; path = CustomContainerBodyView.swift; sourceTree = "<group>"; };
		9425511E2AB2257500AA33F3 /* BudgetViewModel.swift */ = {isa = PBXFileReference; lastKnownFileType = sourcecode.swift; path = BudgetViewModel.swift; sourceTree = "<group>"; };
		942551212AB22B5400AA33F3 /* ApiService.swift */ = {isa = PBXFileReference; lastKnownFileType = sourcecode.swift; path = ApiService.swift; sourceTree = "<group>"; };
		942551262AB24E9000AA33F3 /* HomeViewModel.swift */ = {isa = PBXFileReference; lastKnownFileType = sourcecode.swift; path = HomeViewModel.swift; sourceTree = "<group>"; };
		943C8F7E2ABE0ECB0007180D /* Chart.swift */ = {isa = PBXFileReference; lastKnownFileType = sourcecode.swift; path = Chart.swift; sourceTree = "<group>"; };
		944010AB2AA4A83C00648E4A /* CustomTopNavigationView.swift */ = {isa = PBXFileReference; lastKnownFileType = sourcecode.swift; path = CustomTopNavigationView.swift; sourceTree = "<group>"; };
		944010AD2AA4DD1700648E4A /* WeeklyBarChartView.swift */ = {isa = PBXFileReference; lastKnownFileType = sourcecode.swift; path = WeeklyBarChartView.swift; sourceTree = "<group>"; };
		9443A0052AAB235D00902E88 /* BudgetChartView.swift */ = {isa = PBXFileReference; lastKnownFileType = sourcecode.swift; path = BudgetChartView.swift; sourceTree = "<group>"; };
		9443A0072AAB81BC00902E88 /* BudgetCategory.swift */ = {isa = PBXFileReference; lastKnownFileType = sourcecode.swift; path = BudgetCategory.swift; sourceTree = "<group>"; };
		9443A0092AAB87EA00902E88 /* User.swift */ = {isa = PBXFileReference; lastKnownFileType = sourcecode.swift; path = User.swift; sourceTree = "<group>"; };
		9443A00D2AAB90C300902E88 /* Transaction.swift */ = {isa = PBXFileReference; lastKnownFileType = sourcecode.swift; path = Transaction.swift; sourceTree = "<group>"; };
		9443A00F2AABA5DC00902E88 /* README.md */ = {isa = PBXFileReference; lastKnownFileType = net.daringfireball.markdown; path = README.md; sourceTree = "<group>"; };
		944958942AA25C4D0000DD47 /* Info.plist */ = {isa = PBXFileReference; lastKnownFileType = text.plist; path = Info.plist; sourceTree = "<group>"; };
		944958972AA25ED40000DD47 /* Launch Screen.storyboard */ = {isa = PBXFileReference; lastKnownFileType = file.storyboard; path = "Launch Screen.storyboard"; sourceTree = "<group>"; };
		944958992AA280E80000DD47 /* WelcomeView.swift */ = {isa = PBXFileReference; lastKnownFileType = sourcecode.swift; path = WelcomeView.swift; sourceTree = "<group>"; };
		9453FFC72AA20B8900A193DB /* spendwise.app */ = {isa = PBXFileReference; explicitFileType = wrapper.application; includeInIndex = 0; path = spendwise.app; sourceTree = BUILT_PRODUCTS_DIR; };
		9453FFCA2AA20B8900A193DB /* spendwiseApp.swift */ = {isa = PBXFileReference; lastKnownFileType = sourcecode.swift; path = spendwiseApp.swift; sourceTree = "<group>"; };
		9453FFCC2AA20B8900A193DB /* ContentView.swift */ = {isa = PBXFileReference; lastKnownFileType = sourcecode.swift; path = ContentView.swift; sourceTree = "<group>"; };
		9453FFCE2AA20B8F00A193DB /* Assets.xcassets */ = {isa = PBXFileReference; lastKnownFileType = folder.assetcatalog; path = Assets.xcassets; sourceTree = "<group>"; };
		9453FFD12AA20B8F00A193DB /* Preview Assets.xcassets */ = {isa = PBXFileReference; lastKnownFileType = folder.assetcatalog; path = "Preview Assets.xcassets"; sourceTree = "<group>"; };
		9453FFD72AA20B9000A193DB /* spendwiseTests.xctest */ = {isa = PBXFileReference; explicitFileType = wrapper.cfbundle; includeInIndex = 0; path = spendwiseTests.xctest; sourceTree = BUILT_PRODUCTS_DIR; };
		9453FFDB2AA20B9000A193DB /* spendwiseTests.swift */ = {isa = PBXFileReference; lastKnownFileType = sourcecode.swift; path = spendwiseTests.swift; sourceTree = "<group>"; };
		9453FFE12AA20B9000A193DB /* spendwiseUITests.xctest */ = {isa = PBXFileReference; explicitFileType = wrapper.cfbundle; includeInIndex = 0; path = spendwiseUITests.xctest; sourceTree = BUILT_PRODUCTS_DIR; };
		9453FFE52AA20B9000A193DB /* spendwiseUITests.swift */ = {isa = PBXFileReference; lastKnownFileType = sourcecode.swift; path = spendwiseUITests.swift; sourceTree = "<group>"; };
		9453FFE72AA20B9000A193DB /* spendwiseUITestsLaunchTests.swift */ = {isa = PBXFileReference; lastKnownFileType = sourcecode.swift; path = spendwiseUITestsLaunchTests.swift; sourceTree = "<group>"; };
		94672F242AA900C40076EE60 /* TabBar.swift */ = {isa = PBXFileReference; lastKnownFileType = sourcecode.swift; path = TabBar.swift; sourceTree = "<group>"; };
		94672F262AA901C20076EE60 /* BottomNavigationBarView.swift */ = {isa = PBXFileReference; lastKnownFileType = sourcecode.swift; path = BottomNavigationBarView.swift; sourceTree = "<group>"; };
		946AAD9F2AA347A800474ABE /* SigninView.swift */ = {isa = PBXFileReference; lastKnownFileType = sourcecode.swift; path = SigninView.swift; sourceTree = "<group>"; };
		946AADA12AA347D800474ABE /* SignupView.swift */ = {isa = PBXFileReference; lastKnownFileType = sourcecode.swift; path = SignupView.swift; sourceTree = "<group>"; };
		946AADA32AA3484200474ABE /* ForgetPasswordView.swift */ = {isa = PBXFileReference; lastKnownFileType = sourcecode.swift; path = ForgetPasswordView.swift; sourceTree = "<group>"; };
		946AADAC2AA34C5700474ABE /* HomeView.swift */ = {isa = PBXFileReference; lastKnownFileType = sourcecode.swift; path = HomeView.swift; sourceTree = "<group>"; };
		946AADB12AA35FFD00474ABE /* NotificationView.swift */ = {isa = PBXFileReference; lastKnownFileType = sourcecode.swift; path = NotificationView.swift; sourceTree = "<group>"; };
		946AADBA2AA3614E00474ABE /* NewTransactionView.swift */ = {isa = PBXFileReference; lastKnownFileType = sourcecode.swift; path = NewTransactionView.swift; sourceTree = "<group>"; };
		946AADBC2AA3617A00474ABE /* TransactionDetailView.swift */ = {isa = PBXFileReference; lastKnownFileType = sourcecode.swift; path = TransactionDetailView.swift; sourceTree = "<group>"; };
		946AADBE2AA3630100474ABE /* AccountView.swift */ = {isa = PBXFileReference; lastKnownFileType = sourcecode.swift; path = AccountView.swift; sourceTree = "<group>"; };
		946AADC02AA3632F00474ABE /* ProfileView.swift */ = {isa = PBXFileReference; lastKnownFileType = sourcecode.swift; path = ProfileView.swift; sourceTree = "<group>"; };
		946AADC22AA3633E00474ABE /* SettingsView.swift */ = {isa = PBXFileReference; lastKnownFileType = sourcecode.swift; path = SettingsView.swift; sourceTree = "<group>"; };
		946AADC42AA3636600474ABE /* NewBudgetView.swift */ = {isa = PBXFileReference; lastKnownFileType = sourcecode.swift; path = NewBudgetView.swift; sourceTree = "<group>"; };
		946AADC62AA3639200474ABE /* DetailBudgetView.swift */ = {isa = PBXFileReference; lastKnownFileType = sourcecode.swift; path = DetailBudgetView.swift; sourceTree = "<group>"; };
		946AADC82AA363CF00474ABE /* BudgetView.swift */ = {isa = PBXFileReference; lastKnownFileType = sourcecode.swift; path = BudgetView.swift; sourceTree = "<group>"; };
		946AADCA2AA3651800474ABE /* TransactionView.swift */ = {isa = PBXFileReference; lastKnownFileType = sourcecode.swift; path = TransactionView.swift; sourceTree = "<group>"; };
		946AADCE2AA3656F00474ABE /* FinancialReportView.swift */ = {isa = PBXFileReference; lastKnownFileType = sourcecode.swift; path = FinancialReportView.swift; sourceTree = "<group>"; };
		946AADD12AA369E900474ABE /* Constants.swift */ = {isa = PBXFileReference; lastKnownFileType = sourcecode.swift; path = Constants.swift; sourceTree = "<group>"; };
		946AADD32AA3D33000474ABE /* CurvedSideRectangleViewShape.swift */ = {isa = PBXFileReference; lastKnownFileType = sourcecode.swift; path = CurvedSideRectangleViewShape.swift; sourceTree = "<group>"; };
		9485A35D2ABC8C2A0007D5AF /* OverallBudgetCategoryCardView.swift */ = {isa = PBXFileReference; lastKnownFileType = sourcecode.swift; path = OverallBudgetCategoryCardView.swift; sourceTree = "<group>"; };
		94F610232AC8DDDE0081528D /* OnboardingView.swift */ = {isa = PBXFileReference; lastKnownFileType = sourcecode.swift; path = OnboardingView.swift; sourceTree = "<group>"; };
		94F89DA62AC0B9B3000D2233 /* BottomLineTextFieldView.swift */ = {isa = PBXFileReference; lastKnownFileType = sourcecode.swift; path = BottomLineTextFieldView.swift; sourceTree = "<group>"; };
		94F89DA82AC0BE44000D2233 /* SelectOptionView.swift */ = {isa = PBXFileReference; lastKnownFileType = sourcecode.swift; path = SelectOptionView.swift; sourceTree = "<group>"; };
/* End PBXFileReference section */

/* Begin PBXFrameworksBuildPhase section */
		9453FFC42AA20B8900A193DB /* Frameworks */ = {
			isa = PBXFrameworksBuildPhase;
			buildActionMask = 2147483647;
			files = (
			);
			runOnlyForDeploymentPostprocessing = 0;
		};
		9453FFD42AA20B9000A193DB /* Frameworks */ = {
			isa = PBXFrameworksBuildPhase;
			buildActionMask = 2147483647;
			files = (
			);
			runOnlyForDeploymentPostprocessing = 0;
		};
		9453FFDE2AA20B9000A193DB /* Frameworks */ = {
			isa = PBXFrameworksBuildPhase;
			buildActionMask = 2147483647;
			files = (
			);
			runOnlyForDeploymentPostprocessing = 0;
		};
/* End PBXFrameworksBuildPhase section */

/* Begin PBXGroup section */
		940A64342AC7A35B00C187D9 /* ViewModels */ = {
			isa = PBXGroup;
			children = (
				940A64352AC7A37600C187D9 /* TransactionViewModel.swift */,
			);
			path = ViewModels;
			sourceTree = "<group>";
		};
		941328E32AAE1C7D00C50DFA /* Helper */ = {
			isa = PBXGroup;
			children = (
				946AADD12AA369E900474ABE /* Constants.swift */,
				941328E42AAE1C9B00C50DFA /* CurrencyFormatter.swift */,
			);
			path = Helper;
			sourceTree = "<group>";
		};
		9421C3092AAF8247004F0A65 /* Settings */ = {
			isa = PBXGroup;
			children = (
				946AADC22AA3633E00474ABE /* SettingsView.swift */,
				9421C30A2AAF8401004F0A65 /* CurrencyView.swift */,
				9421C30C2AAF8428004F0A65 /* LanguageView.swift */,
				9421C30E2AAF8450004F0A65 /* ThemeView.swift */,
				9421C3102AAF84A7004F0A65 /* SecurityView.swift */,
			);
			path = Settings;
			sourceTree = "<group>";
		};
		9425511C2AB2153A00AA33F3 /* ViewModels */ = {
			isa = PBXGroup;
			children = (
				9425511E2AB2257500AA33F3 /* BudgetViewModel.swift */,
			);
			path = ViewModels;
			sourceTree = "<group>";
		};
		9425511D2AB2156700AA33F3 /* Views */ = {
			isa = PBXGroup;
			children = (
				946AADC42AA3636600474ABE /* NewBudgetView.swift */,
				946AADC62AA3639200474ABE /* DetailBudgetView.swift */,
				946AADC82AA363CF00474ABE /* BudgetView.swift */,
				9485A35D2ABC8C2A0007D5AF /* OverallBudgetCategoryCardView.swift */,
			);
			path = Views;
			sourceTree = "<group>";
		};
		942551202AB22B1F00AA33F3 /* Services */ = {
			isa = PBXGroup;
			children = (
				942551212AB22B5400AA33F3 /* ApiService.swift */,
			);
			path = Services;
			sourceTree = "<group>";
		};
		942551232AB24E3800AA33F3 /* Home */ = {
			isa = PBXGroup;
			children = (
				942551242AB24E4900AA33F3 /* ViewModels */,
				942551252AB24E5F00AA33F3 /* Views */,
			);
			path = Home;
			sourceTree = "<group>";
		};
		942551242AB24E4900AA33F3 /* ViewModels */ = {
			isa = PBXGroup;
			children = (
				942551262AB24E9000AA33F3 /* HomeViewModel.swift */,
			);
			path = ViewModels;
			sourceTree = "<group>";
		};
		942551252AB24E5F00AA33F3 /* Views */ = {
			isa = PBXGroup;
			children = (
				946AADAC2AA34C5700474ABE /* HomeView.swift */,
			);
			path = Views;
			sourceTree = "<group>";
		};
		942D22002AA2424200E3CF9D /* Views */ = {
			isa = PBXGroup;
			children = (
				946AADAB2AA34B9B00474ABE /* MainVIew */,
				946AADA52AA348CF00474ABE /* OnboardingView */,
				9453FFCC2AA20B8900A193DB /* ContentView.swift */,
			);
			path = Views;
			sourceTree = "<group>";
		};
		942D22012AA2425900E3CF9D /* Models */ = {
			isa = PBXGroup;
			children = (
				9443A0072AAB81BC00902E88 /* BudgetCategory.swift */,
				9443A0092AAB87EA00902E88 /* User.swift */,
				9443A00D2AAB90C300902E88 /* Transaction.swift */,
				943C8F7E2ABE0ECB0007180D /* Chart.swift */,
			);
			path = Models;
			sourceTree = "<group>";
		};
		9453FFBE2AA20B8800A193DB = {
			isa = PBXGroup;
			children = (
				9443A00F2AABA5DC00902E88 /* README.md */,
				9453FFC92AA20B8900A193DB /* spendwise */,
				9453FFDA2AA20B9000A193DB /* spendwiseTests */,
				9453FFE42AA20B9000A193DB /* spendwiseUITests */,
				9453FFC82AA20B8900A193DB /* Products */,
			);
			sourceTree = "<group>";
		};
		9453FFC82AA20B8900A193DB /* Products */ = {
			isa = PBXGroup;
			children = (
				9453FFC72AA20B8900A193DB /* spendwise.app */,
				9453FFD72AA20B9000A193DB /* spendwiseTests.xctest */,
				9453FFE12AA20B9000A193DB /* spendwiseUITests.xctest */,
			);
			name = Products;
			sourceTree = "<group>";
		};
		9453FFC92AA20B8900A193DB /* spendwise */ = {
			isa = PBXGroup;
			children = (
				942551202AB22B1F00AA33F3 /* Services */,
				941328E32AAE1C7D00C50DFA /* Helper */,
				946AADD02AA3697E00474ABE /* Utilities */,
				944958942AA25C4D0000DD47 /* Info.plist */,
				942D22012AA2425900E3CF9D /* Models */,
				942D22002AA2424200E3CF9D /* Views */,
				9453FFCA2AA20B8900A193DB /* spendwiseApp.swift */,
				9453FFCE2AA20B8F00A193DB /* Assets.xcassets */,
				9453FFD02AA20B8F00A193DB /* Preview Content */,
				944958972AA25ED40000DD47 /* Launch Screen.storyboard */,
			);
			path = spendwise;
			sourceTree = "<group>";
		};
		9453FFD02AA20B8F00A193DB /* Preview Content */ = {
			isa = PBXGroup;
			children = (
				9453FFD12AA20B8F00A193DB /* Preview Assets.xcassets */,
			);
			path = "Preview Content";
			sourceTree = "<group>";
		};
		9453FFDA2AA20B9000A193DB /* spendwiseTests */ = {
			isa = PBXGroup;
			children = (
				9453FFDB2AA20B9000A193DB /* spendwiseTests.swift */,
			);
			path = spendwiseTests;
			sourceTree = "<group>";
		};
		9453FFE42AA20B9000A193DB /* spendwiseUITests */ = {
			isa = PBXGroup;
			children = (
				9453FFE52AA20B9000A193DB /* spendwiseUITests.swift */,
				9453FFE72AA20B9000A193DB /* spendwiseUITestsLaunchTests.swift */,
			);
			path = spendwiseUITests;
			sourceTree = "<group>";
		};
		946AADA52AA348CF00474ABE /* OnboardingView */ = {
			isa = PBXGroup;
			children = (
				946AADAF2AA35E8400474ABE /* Onboarding */,
				946AADB02AA35EA900474ABE /* Authentication */,
			);
			path = OnboardingView;
			sourceTree = "<group>";
		};
		946AADA72AA349D700474ABE /* Budget */ = {
			isa = PBXGroup;
			children = (
				9425511C2AB2153A00AA33F3 /* ViewModels */,
				9425511D2AB2156700AA33F3 /* Views */,
			);
			path = Budget;
			sourceTree = "<group>";
		};
		946AADA92AA349F100474ABE /* Account */ = {
			isa = PBXGroup;
			children = (
				946AADBE2AA3630100474ABE /* AccountView.swift */,
				946AADC02AA3632F00474ABE /* ProfileView.swift */,
				9421C3092AAF8247004F0A65 /* Settings */,
			);
			path = Account;
			sourceTree = "<group>";
		};
		946AADAA2AA34A5100474ABE /* Transaction */ = {
			isa = PBXGroup;
			children = (
				940A64342AC7A35B00C187D9 /* ViewModels */,
				946AADBC2AA3617A00474ABE /* TransactionDetailView.swift */,
				946AADCA2AA3651800474ABE /* TransactionView.swift */,
				946AADBA2AA3614E00474ABE /* NewTransactionView.swift */,
				946AADCE2AA3656F00474ABE /* FinancialReportView.swift */,
			);
			path = Transaction;
			sourceTree = "<group>";
		};
		946AADAB2AA34B9B00474ABE /* MainVIew */ = {
			isa = PBXGroup;
			children = (
				946AADAE2AA34C8700474ABE /* Notifications */,
				946AADAA2AA34A5100474ABE /* Transaction */,
				946AADA92AA349F100474ABE /* Account */,
				946AADA72AA349D700474ABE /* Budget */,
				942551232AB24E3800AA33F3 /* Home */,
			);
			path = MainVIew;
			sourceTree = "<group>";
		};
		946AADAE2AA34C8700474ABE /* Notifications */ = {
			isa = PBXGroup;
			children = (
				946AADB12AA35FFD00474ABE /* NotificationView.swift */,
			);
			path = Notifications;
			sourceTree = "<group>";
		};
		946AADAF2AA35E8400474ABE /* Onboarding */ = {
			isa = PBXGroup;
			children = (
				944958992AA280E80000DD47 /* WelcomeView.swift */,
				94F610232AC8DDDE0081528D /* OnboardingView.swift */,
			);
			path = Onboarding;
			sourceTree = "<group>";
		};
		946AADB02AA35EA900474ABE /* Authentication */ = {
			isa = PBXGroup;
			children = (
				946AAD9F2AA347A800474ABE /* SigninView.swift */,
				946AADA12AA347D800474ABE /* SignupView.swift */,
				946AADA32AA3484200474ABE /* ForgetPasswordView.swift */,
			);
			path = Authentication;
			sourceTree = "<group>";
		};
		946AADD02AA3697E00474ABE /* Utilities */ = {
			isa = PBXGroup;
			children = (
				94F89DA52AC0AD9F000D2233 /* FormComponenets */,
				946AADD32AA3D33000474ABE /* CurvedSideRectangleViewShape.swift */,
				944010AB2AA4A83C00648E4A /* CustomTopNavigationView.swift */,
				944010AD2AA4DD1700648E4A /* WeeklyBarChartView.swift */,
				94672F242AA900C40076EE60 /* TabBar.swift */,
				94672F262AA901C20076EE60 /* BottomNavigationBarView.swift */,
				9443A0052AAB235D00902E88 /* BudgetChartView.swift */,
				941328E12AADCA8400C50DFA /* UnevenRoundedRectangleViewShape.swift */,
				9421C3122AAFBE56004F0A65 /* CustomContainerBodyView.swift */,
				94192AF82AB11CD200864CBF /* RoundedRectProgressViewStyle.swift */,
			);
			path = Utilities;
			sourceTree = "<group>";
		};
		94F89DA52AC0AD9F000D2233 /* FormComponenets */ = {
			isa = PBXGroup;
			children = (
				94F89DA62AC0B9B3000D2233 /* BottomLineTextFieldView.swift */,
				94F89DA82AC0BE44000D2233 /* SelectOptionView.swift */,
			);
			path = FormComponenets;
			sourceTree = "<group>";
		};
/* End PBXGroup section */

/* Begin PBXNativeTarget section */
		9453FFC62AA20B8900A193DB /* spendwise */ = {
			isa = PBXNativeTarget;
			buildConfigurationList = 9453FFEB2AA20B9000A193DB /* Build configuration list for PBXNativeTarget "spendwise" */;
			buildPhases = (
				9453FFC32AA20B8900A193DB /* Sources */,
				9453FFC42AA20B8900A193DB /* Frameworks */,
				9453FFC52AA20B8900A193DB /* Resources */,
			);
			buildRules = (
			);
			dependencies = (
			);
			name = spendwise;
			productName = spendwise;
			productReference = 9453FFC72AA20B8900A193DB /* spendwise.app */;
			productType = "com.apple.product-type.application";
		};
		9453FFD62AA20B9000A193DB /* spendwiseTests */ = {
			isa = PBXNativeTarget;
			buildConfigurationList = 9453FFEE2AA20B9000A193DB /* Build configuration list for PBXNativeTarget "spendwiseTests" */;
			buildPhases = (
				9453FFD32AA20B9000A193DB /* Sources */,
				9453FFD42AA20B9000A193DB /* Frameworks */,
				9453FFD52AA20B9000A193DB /* Resources */,
			);
			buildRules = (
			);
			dependencies = (
				9453FFD92AA20B9000A193DB /* PBXTargetDependency */,
			);
			name = spendwiseTests;
			productName = spendwiseTests;
			productReference = 9453FFD72AA20B9000A193DB /* spendwiseTests.xctest */;
			productType = "com.apple.product-type.bundle.unit-test";
		};
		9453FFE02AA20B9000A193DB /* spendwiseUITests */ = {
			isa = PBXNativeTarget;
			buildConfigurationList = 9453FFF12AA20B9000A193DB /* Build configuration list for PBXNativeTarget "spendwiseUITests" */;
			buildPhases = (
				9453FFDD2AA20B9000A193DB /* Sources */,
				9453FFDE2AA20B9000A193DB /* Frameworks */,
				9453FFDF2AA20B9000A193DB /* Resources */,
			);
			buildRules = (
			);
			dependencies = (
				9453FFE32AA20B9000A193DB /* PBXTargetDependency */,
			);
			name = spendwiseUITests;
			productName = spendwiseUITests;
			productReference = 9453FFE12AA20B9000A193DB /* spendwiseUITests.xctest */;
			productType = "com.apple.product-type.bundle.ui-testing";
		};
/* End PBXNativeTarget section */

/* Begin PBXProject section */
		9453FFBF2AA20B8800A193DB /* Project object */ = {
			isa = PBXProject;
			attributes = {
				BuildIndependentTargetsInParallel = 1;
				LastSwiftUpdateCheck = 1430;
				LastUpgradeCheck = 1500;
				TargetAttributes = {
					9453FFC62AA20B8900A193DB = {
						CreatedOnToolsVersion = 14.3.1;
					};
					9453FFD62AA20B9000A193DB = {
						CreatedOnToolsVersion = 14.3.1;
						TestTargetID = 9453FFC62AA20B8900A193DB;
					};
					9453FFE02AA20B9000A193DB = {
						CreatedOnToolsVersion = 14.3.1;
						TestTargetID = 9453FFC62AA20B8900A193DB;
					};
				};
			};
			buildConfigurationList = 9453FFC22AA20B8800A193DB /* Build configuration list for PBXProject "spendwise" */;
			compatibilityVersion = "Xcode 14.0";
			developmentRegion = en;
			hasScannedForEncodings = 0;
			knownRegions = (
				en,
				Base,
			);
			mainGroup = 9453FFBE2AA20B8800A193DB;
			productRefGroup = 9453FFC82AA20B8900A193DB /* Products */;
			projectDirPath = "";
			projectRoot = "";
			targets = (
				9453FFC62AA20B8900A193DB /* spendwise */,
				9453FFD62AA20B9000A193DB /* spendwiseTests */,
				9453FFE02AA20B9000A193DB /* spendwiseUITests */,
			);
		};
/* End PBXProject section */

/* Begin PBXResourcesBuildPhase section */
		9453FFC52AA20B8900A193DB /* Resources */ = {
			isa = PBXResourcesBuildPhase;
			buildActionMask = 2147483647;
			files = (
				944958982AA25ED40000DD47 /* Launch Screen.storyboard in Resources */,
				9453FFD22AA20B8F00A193DB /* Preview Assets.xcassets in Resources */,
				9453FFCF2AA20B8F00A193DB /* Assets.xcassets in Resources */,
			);
			runOnlyForDeploymentPostprocessing = 0;
		};
		9453FFD52AA20B9000A193DB /* Resources */ = {
			isa = PBXResourcesBuildPhase;
			buildActionMask = 2147483647;
			files = (
			);
			runOnlyForDeploymentPostprocessing = 0;
		};
		9453FFDF2AA20B9000A193DB /* Resources */ = {
			isa = PBXResourcesBuildPhase;
			buildActionMask = 2147483647;
			files = (
			);
			runOnlyForDeploymentPostprocessing = 0;
		};
/* End PBXResourcesBuildPhase section */

/* Begin PBXSourcesBuildPhase section */
		9453FFC32AA20B8900A193DB /* Sources */ = {
			isa = PBXSourcesBuildPhase;
			buildActionMask = 2147483647;
			files = (
				9421C30F2AAF8450004F0A65 /* ThemeView.swift in Sources */,
				941328E52AAE1C9B00C50DFA /* CurrencyFormatter.swift in Sources */,
				94672F252AA900C40076EE60 /* TabBar.swift in Sources */,
				946AADC52AA3636600474ABE /* NewBudgetView.swift in Sources */,
				9449589A2AA280E80000DD47 /* WelcomeView.swift in Sources */,
				9443A00E2AAB90C300902E88 /* Transaction.swift in Sources */,
				9485A35E2ABC8C2A0007D5AF /* OverallBudgetCategoryCardView.swift in Sources */,
				946AADAD2AA34C5700474ABE /* HomeView.swift in Sources */,
				9421C30B2AAF8401004F0A65 /* CurrencyView.swift in Sources */,
				9425511F2AB2257500AA33F3 /* BudgetViewModel.swift in Sources */,
				9443A00A2AAB87EA00902E88 /* User.swift in Sources */,
				943C8F7F2ABE0ECB0007180D /* Chart.swift in Sources */,
				944010AC2AA4A83C00648E4A /* CustomTopNavigationView.swift in Sources */,
				946AADBD2AA3617A00474ABE /* TransactionDetailView.swift in Sources */,
				946AADC72AA3639200474ABE /* DetailBudgetView.swift in Sources */,
				9453FFCD2AA20B8900A193DB /* ContentView.swift in Sources */,
				946AADD22AA369E900474ABE /* Constants.swift in Sources */,
				946AADC92AA363CF00474ABE /* BudgetView.swift in Sources */,
				946AADBF2AA3630100474ABE /* AccountView.swift in Sources */,
				94F89DA92AC0BE44000D2233 /* SelectOptionView.swift in Sources */,
				94F610242AC8DDDE0081528D /* OnboardingView.swift in Sources */,
				94192AF92AB11CD200864CBF /* RoundedRectProgressViewStyle.swift in Sources */,
				946AADB22AA35FFD00474ABE /* NotificationView.swift in Sources */,
				946AADC12AA3632F00474ABE /* ProfileView.swift in Sources */,
				942551272AB24E9000AA33F3 /* HomeViewModel.swift in Sources */,
				946AADC32AA3633E00474ABE /* SettingsView.swift in Sources */,
				9443A0062AAB235D00902E88 /* BudgetChartView.swift in Sources */,
				946AADA02AA347A800474ABE /* SigninView.swift in Sources */,
				9453FFCB2AA20B8900A193DB /* spendwiseApp.swift in Sources */,
				946AADA42AA3484200474ABE /* ForgetPasswordView.swift in Sources */,
				94672F272AA901C20076EE60 /* BottomNavigationBarView.swift in Sources */,
				94F89DA72AC0B9B3000D2233 /* BottomLineTextFieldView.swift in Sources */,
				940A64362AC7A37600C187D9 /* TransactionViewModel.swift in Sources */,
				9421C3112AAF84A7004F0A65 /* SecurityView.swift in Sources */,
				9421C30D2AAF8428004F0A65 /* LanguageView.swift in Sources */,
				9421C3132AAFBE56004F0A65 /* CustomContainerBodyView.swift in Sources */,
				946AADCF2AA3656F00474ABE /* FinancialReportView.swift in Sources */,
				946AADCB2AA3651800474ABE /* TransactionView.swift in Sources */,
				9443A0082AAB81BC00902E88 /* BudgetCategory.swift in Sources */,
				941328E22AADCA8500C50DFA /* UnevenRoundedRectangleViewShape.swift in Sources */,
				946AADBB2AA3614E00474ABE /* NewTransactionView.swift in Sources */,
				944010AE2AA4DD1700648E4A /* WeeklyBarChartView.swift in Sources */,
				946AADA22AA347D800474ABE /* SignupView.swift in Sources */,
				946AADD42AA3D33000474ABE /* CurvedSideRectangleViewShape.swift in Sources */,
				942551222AB22B5400AA33F3 /* ApiService.swift in Sources */,
			);
			runOnlyForDeploymentPostprocessing = 0;
		};
		9453FFD32AA20B9000A193DB /* Sources */ = {
			isa = PBXSourcesBuildPhase;
			buildActionMask = 2147483647;
			files = (
				9453FFDC2AA20B9000A193DB /* spendwiseTests.swift in Sources */,
			);
			runOnlyForDeploymentPostprocessing = 0;
		};
		9453FFDD2AA20B9000A193DB /* Sources */ = {
			isa = PBXSourcesBuildPhase;
			buildActionMask = 2147483647;
			files = (
				9453FFE62AA20B9000A193DB /* spendwiseUITests.swift in Sources */,
				9453FFE82AA20B9000A193DB /* spendwiseUITestsLaunchTests.swift in Sources */,
			);
			runOnlyForDeploymentPostprocessing = 0;
		};
/* End PBXSourcesBuildPhase section */

/* Begin PBXTargetDependency section */
		9453FFD92AA20B9000A193DB /* PBXTargetDependency */ = {
			isa = PBXTargetDependency;
			target = 9453FFC62AA20B8900A193DB /* spendwise */;
			targetProxy = 9453FFD82AA20B9000A193DB /* PBXContainerItemProxy */;
		};
		9453FFE32AA20B9000A193DB /* PBXTargetDependency */ = {
			isa = PBXTargetDependency;
			target = 9453FFC62AA20B8900A193DB /* spendwise */;
			targetProxy = 9453FFE22AA20B9000A193DB /* PBXContainerItemProxy */;
		};
/* End PBXTargetDependency section */

/* Begin XCBuildConfiguration section */
		9453FFE92AA20B9000A193DB /* Debug */ = {
			isa = XCBuildConfiguration;
			buildSettings = {
				ALWAYS_SEARCH_USER_PATHS = NO;
				CLANG_ANALYZER_NONNULL = YES;
				CLANG_ANALYZER_NUMBER_OBJECT_CONVERSION = YES_AGGRESSIVE;
				CLANG_CXX_LANGUAGE_STANDARD = "gnu++20";
				CLANG_ENABLE_MODULES = YES;
				CLANG_ENABLE_OBJC_ARC = YES;
				CLANG_ENABLE_OBJC_WEAK = YES;
				CLANG_WARN_BLOCK_CAPTURE_AUTORELEASING = YES;
				CLANG_WARN_BOOL_CONVERSION = YES;
				CLANG_WARN_COMMA = YES;
				CLANG_WARN_CONSTANT_CONVERSION = YES;
				CLANG_WARN_DEPRECATED_OBJC_IMPLEMENTATIONS = YES;
				CLANG_WARN_DIRECT_OBJC_ISA_USAGE = YES_ERROR;
				CLANG_WARN_DOCUMENTATION_COMMENTS = YES;
				CLANG_WARN_EMPTY_BODY = YES;
				CLANG_WARN_ENUM_CONVERSION = YES;
				CLANG_WARN_INFINITE_RECURSION = YES;
				CLANG_WARN_INT_CONVERSION = YES;
				CLANG_WARN_NON_LITERAL_NULL_CONVERSION = YES;
				CLANG_WARN_OBJC_IMPLICIT_RETAIN_SELF = YES;
				CLANG_WARN_OBJC_LITERAL_CONVERSION = YES;
				CLANG_WARN_OBJC_ROOT_CLASS = YES_ERROR;
				CLANG_WARN_QUOTED_INCLUDE_IN_FRAMEWORK_HEADER = YES;
				CLANG_WARN_RANGE_LOOP_ANALYSIS = YES;
				CLANG_WARN_STRICT_PROTOTYPES = YES;
				CLANG_WARN_SUSPICIOUS_MOVE = YES;
				CLANG_WARN_UNGUARDED_AVAILABILITY = YES_AGGRESSIVE;
				CLANG_WARN_UNREACHABLE_CODE = YES;
				CLANG_WARN__DUPLICATE_METHOD_MATCH = YES;
				COPY_PHASE_STRIP = NO;
				DEBUG_INFORMATION_FORMAT = dwarf;
				ENABLE_STRICT_OBJC_MSGSEND = YES;
				ENABLE_TESTABILITY = YES;
				ENABLE_USER_SCRIPT_SANDBOXING = YES;
				GCC_C_LANGUAGE_STANDARD = gnu11;
				GCC_DYNAMIC_NO_PIC = NO;
				GCC_NO_COMMON_BLOCKS = YES;
				GCC_OPTIMIZATION_LEVEL = 0;
				GCC_PREPROCESSOR_DEFINITIONS = (
					"DEBUG=1",
					"$(inherited)",
				);
				GCC_WARN_64_TO_32_BIT_CONVERSION = YES;
				GCC_WARN_ABOUT_RETURN_TYPE = YES_ERROR;
				GCC_WARN_UNDECLARED_SELECTOR = YES;
				GCC_WARN_UNINITIALIZED_AUTOS = YES_AGGRESSIVE;
				GCC_WARN_UNUSED_FUNCTION = YES;
				GCC_WARN_UNUSED_VARIABLE = YES;
				IPHONEOS_DEPLOYMENT_TARGET = 16.4;
				MTL_ENABLE_DEBUG_INFO = INCLUDE_SOURCE;
				MTL_FAST_MATH = YES;
				ONLY_ACTIVE_ARCH = YES;
				SDKROOT = iphoneos;
				SWIFT_ACTIVE_COMPILATION_CONDITIONS = DEBUG;
				SWIFT_OPTIMIZATION_LEVEL = "-Onone";
			};
			name = Debug;
		};
		9453FFEA2AA20B9000A193DB /* Release */ = {
			isa = XCBuildConfiguration;
			buildSettings = {
				ALWAYS_SEARCH_USER_PATHS = NO;
				CLANG_ANALYZER_NONNULL = YES;
				CLANG_ANALYZER_NUMBER_OBJECT_CONVERSION = YES_AGGRESSIVE;
				CLANG_CXX_LANGUAGE_STANDARD = "gnu++20";
				CLANG_ENABLE_MODULES = YES;
				CLANG_ENABLE_OBJC_ARC = YES;
				CLANG_ENABLE_OBJC_WEAK = YES;
				CLANG_WARN_BLOCK_CAPTURE_AUTORELEASING = YES;
				CLANG_WARN_BOOL_CONVERSION = YES;
				CLANG_WARN_COMMA = YES;
				CLANG_WARN_CONSTANT_CONVERSION = YES;
				CLANG_WARN_DEPRECATED_OBJC_IMPLEMENTATIONS = YES;
				CLANG_WARN_DIRECT_OBJC_ISA_USAGE = YES_ERROR;
				CLANG_WARN_DOCUMENTATION_COMMENTS = YES;
				CLANG_WARN_EMPTY_BODY = YES;
				CLANG_WARN_ENUM_CONVERSION = YES;
				CLANG_WARN_INFINITE_RECURSION = YES;
				CLANG_WARN_INT_CONVERSION = YES;
				CLANG_WARN_NON_LITERAL_NULL_CONVERSION = YES;
				CLANG_WARN_OBJC_IMPLICIT_RETAIN_SELF = YES;
				CLANG_WARN_OBJC_LITERAL_CONVERSION = YES;
				CLANG_WARN_OBJC_ROOT_CLASS = YES_ERROR;
				CLANG_WARN_QUOTED_INCLUDE_IN_FRAMEWORK_HEADER = YES;
				CLANG_WARN_RANGE_LOOP_ANALYSIS = YES;
				CLANG_WARN_STRICT_PROTOTYPES = YES;
				CLANG_WARN_SUSPICIOUS_MOVE = YES;
				CLANG_WARN_UNGUARDED_AVAILABILITY = YES_AGGRESSIVE;
				CLANG_WARN_UNREACHABLE_CODE = YES;
				CLANG_WARN__DUPLICATE_METHOD_MATCH = YES;
				COPY_PHASE_STRIP = NO;
				DEBUG_INFORMATION_FORMAT = "dwarf-with-dsym";
				ENABLE_NS_ASSERTIONS = NO;
				ENABLE_STRICT_OBJC_MSGSEND = YES;
				ENABLE_USER_SCRIPT_SANDBOXING = YES;
				GCC_C_LANGUAGE_STANDARD = gnu11;
				GCC_NO_COMMON_BLOCKS = YES;
				GCC_WARN_64_TO_32_BIT_CONVERSION = YES;
				GCC_WARN_ABOUT_RETURN_TYPE = YES_ERROR;
				GCC_WARN_UNDECLARED_SELECTOR = YES;
				GCC_WARN_UNINITIALIZED_AUTOS = YES_AGGRESSIVE;
				GCC_WARN_UNUSED_FUNCTION = YES;
				GCC_WARN_UNUSED_VARIABLE = YES;
				IPHONEOS_DEPLOYMENT_TARGET = 16.4;
				MTL_ENABLE_DEBUG_INFO = NO;
				MTL_FAST_MATH = YES;
				SDKROOT = iphoneos;
				SWIFT_COMPILATION_MODE = wholemodule;
				SWIFT_OPTIMIZATION_LEVEL = "-O";
				VALIDATE_PRODUCT = YES;
			};
			name = Release;
		};
		9453FFEC2AA20B9000A193DB /* Debug */ = {
			isa = XCBuildConfiguration;
			buildSettings = {
				ASSETCATALOG_COMPILER_APPICON_NAME = AppIcon;
				ASSETCATALOG_COMPILER_GLOBAL_ACCENT_COLOR_NAME = AccentColor;
				CODE_SIGN_STYLE = Automatic;
				CURRENT_PROJECT_VERSION = 1;
				DEVELOPMENT_ASSET_PATHS = "\"spendwise/Preview Content\"";
				DEVELOPMENT_TEAM = JKJR3RLZTZ;
				ENABLE_PREVIEWS = YES;
				GENERATE_INFOPLIST_FILE = YES;
				INFOPLIST_FILE = spendwise/Info.plist;
				INFOPLIST_KEY_CFBundleDisplayName = SpendWise;
				INFOPLIST_KEY_LSApplicationCategoryType = "public.app-category.finance";
				INFOPLIST_KEY_UIApplicationSceneManifest_Generation = YES;
				INFOPLIST_KEY_UIApplicationSupportsIndirectInputEvents = YES;
				INFOPLIST_KEY_UILaunchScreen_Generation = YES;
				INFOPLIST_KEY_UILaunchStoryboardName = "Launch Screen.storyboard";
				INFOPLIST_KEY_UISupportedInterfaceOrientations_iPad = "UIInterfaceOrientationPortrait UIInterfaceOrientationPortraitUpsideDown UIInterfaceOrientationLandscapeLeft UIInterfaceOrientationLandscapeRight";
				INFOPLIST_KEY_UISupportedInterfaceOrientations_iPhone = UIInterfaceOrientationPortrait;
				IPHONEOS_DEPLOYMENT_TARGET = 16.4;
				LD_RUNPATH_SEARCH_PATHS = (
					"$(inherited)",
					"@executable_path/Frameworks",
				);
				MARKETING_VERSION = 1.0;
				PRODUCT_BUNDLE_IDENTIFIER = SPENDWISE;
				PRODUCT_NAME = "$(TARGET_NAME)";
				SWIFT_EMIT_LOC_STRINGS = YES;
				SWIFT_VERSION = 5.0;
				TARGETED_DEVICE_FAMILY = "1,2";
			};
			name = Debug;
		};
		9453FFED2AA20B9000A193DB /* Release */ = {
			isa = XCBuildConfiguration;
			buildSettings = {
				ASSETCATALOG_COMPILER_APPICON_NAME = AppIcon;
				ASSETCATALOG_COMPILER_GLOBAL_ACCENT_COLOR_NAME = AccentColor;
				CODE_SIGN_STYLE = Automatic;
				CURRENT_PROJECT_VERSION = 1;
				DEVELOPMENT_ASSET_PATHS = "\"spendwise/Preview Content\"";
				DEVELOPMENT_TEAM = JKJR3RLZTZ;
				ENABLE_PREVIEWS = YES;
				GENERATE_INFOPLIST_FILE = YES;
				INFOPLIST_FILE = spendwise/Info.plist;
				INFOPLIST_KEY_CFBundleDisplayName = SpendWise;
				INFOPLIST_KEY_LSApplicationCategoryType = "public.app-category.finance";
				INFOPLIST_KEY_UIApplicationSceneManifest_Generation = YES;
				INFOPLIST_KEY_UIApplicationSupportsIndirectInputEvents = YES;
				INFOPLIST_KEY_UILaunchScreen_Generation = YES;
				INFOPLIST_KEY_UILaunchStoryboardName = "Launch Screen.storyboard";
				INFOPLIST_KEY_UISupportedInterfaceOrientations_iPad = "UIInterfaceOrientationPortrait UIInterfaceOrientationPortraitUpsideDown UIInterfaceOrientationLandscapeLeft UIInterfaceOrientationLandscapeRight";
				INFOPLIST_KEY_UISupportedInterfaceOrientations_iPhone = UIInterfaceOrientationPortrait;
				IPHONEOS_DEPLOYMENT_TARGET = 16.4;
				LD_RUNPATH_SEARCH_PATHS = (
					"$(inherited)",
					"@executable_path/Frameworks",
				);
				MARKETING_VERSION = 1.0;
				PRODUCT_BUNDLE_IDENTIFIER = SPENDWISE;
				PRODUCT_NAME = "$(TARGET_NAME)";
				SWIFT_EMIT_LOC_STRINGS = YES;
				SWIFT_VERSION = 5.0;
				TARGETED_DEVICE_FAMILY = "1,2";
			};
			name = Release;
		};
		9453FFEF2AA20B9000A193DB /* Debug */ = {
			isa = XCBuildConfiguration;
			buildSettings = {
				ALWAYS_EMBED_SWIFT_STANDARD_LIBRARIES = YES;
				BUNDLE_LOADER = "$(TEST_HOST)";
				CODE_SIGN_STYLE = Automatic;
				CURRENT_PROJECT_VERSION = 1;
				GENERATE_INFOPLIST_FILE = YES;
				IPHONEOS_DEPLOYMENT_TARGET = 16.4;
				MARKETING_VERSION = 1.0;
				PRODUCT_BUNDLE_IDENTIFIER = com.spendwiseTests;
				PRODUCT_NAME = "$(TARGET_NAME)";
				SWIFT_EMIT_LOC_STRINGS = NO;
				SWIFT_VERSION = 5.0;
				TARGETED_DEVICE_FAMILY = "1,2";
				TEST_HOST = "$(BUILT_PRODUCTS_DIR)/spendwise.app/$(BUNDLE_EXECUTABLE_FOLDER_PATH)/spendwise";
			};
			name = Debug;
		};
		9453FFF02AA20B9000A193DB /* Release */ = {
			isa = XCBuildConfiguration;
			buildSettings = {
				ALWAYS_EMBED_SWIFT_STANDARD_LIBRARIES = YES;
				BUNDLE_LOADER = "$(TEST_HOST)";
				CODE_SIGN_STYLE = Automatic;
				CURRENT_PROJECT_VERSION = 1;
				GENERATE_INFOPLIST_FILE = YES;
				IPHONEOS_DEPLOYMENT_TARGET = 16.4;
				MARKETING_VERSION = 1.0;
				PRODUCT_BUNDLE_IDENTIFIER = com.spendwiseTests;
				PRODUCT_NAME = "$(TARGET_NAME)";
				SWIFT_EMIT_LOC_STRINGS = NO;
				SWIFT_VERSION = 5.0;
				TARGETED_DEVICE_FAMILY = "1,2";
				TEST_HOST = "$(BUILT_PRODUCTS_DIR)/spendwise.app/$(BUNDLE_EXECUTABLE_FOLDER_PATH)/spendwise";
			};
			name = Release;
		};
		9453FFF22AA20B9000A193DB /* Debug */ = {
			isa = XCBuildConfiguration;
			buildSettings = {
				ALWAYS_EMBED_SWIFT_STANDARD_LIBRARIES = YES;
				CODE_SIGN_STYLE = Automatic;
				CURRENT_PROJECT_VERSION = 1;
				GENERATE_INFOPLIST_FILE = YES;
				MARKETING_VERSION = 1.0;
				PRODUCT_BUNDLE_IDENTIFIER = com.spendwiseUITests;
				PRODUCT_NAME = "$(TARGET_NAME)";
				SWIFT_EMIT_LOC_STRINGS = NO;
				SWIFT_VERSION = 5.0;
				TARGETED_DEVICE_FAMILY = "1,2";
				TEST_TARGET_NAME = spendwise;
			};
			name = Debug;
		};
		9453FFF32AA20B9000A193DB /* Release */ = {
			isa = XCBuildConfiguration;
			buildSettings = {
				ALWAYS_EMBED_SWIFT_STANDARD_LIBRARIES = YES;
				CODE_SIGN_STYLE = Automatic;
				CURRENT_PROJECT_VERSION = 1;
				GENERATE_INFOPLIST_FILE = YES;
				MARKETING_VERSION = 1.0;
				PRODUCT_BUNDLE_IDENTIFIER = com.spendwiseUITests;
				PRODUCT_NAME = "$(TARGET_NAME)";
				SWIFT_EMIT_LOC_STRINGS = NO;
				SWIFT_VERSION = 5.0;
				TARGETED_DEVICE_FAMILY = "1,2";
				TEST_TARGET_NAME = spendwise;
			};
			name = Release;
		};
/* End XCBuildConfiguration section */

/* Begin XCConfigurationList section */
		9453FFC22AA20B8800A193DB /* Build configuration list for PBXProject "spendwise" */ = {
			isa = XCConfigurationList;
			buildConfigurations = (
				9453FFE92AA20B9000A193DB /* Debug */,
				9453FFEA2AA20B9000A193DB /* Release */,
			);
			defaultConfigurationIsVisible = 0;
			defaultConfigurationName = Release;
		};
		9453FFEB2AA20B9000A193DB /* Build configuration list for PBXNativeTarget "spendwise" */ = {
			isa = XCConfigurationList;
			buildConfigurations = (
				9453FFEC2AA20B9000A193DB /* Debug */,
				9453FFED2AA20B9000A193DB /* Release */,
			);
			defaultConfigurationIsVisible = 0;
			defaultConfigurationName = Release;
		};
		9453FFEE2AA20B9000A193DB /* Build configuration list for PBXNativeTarget "spendwiseTests" */ = {
			isa = XCConfigurationList;
			buildConfigurations = (
				9453FFEF2AA20B9000A193DB /* Debug */,
				9453FFF02AA20B9000A193DB /* Release */,
			);
			defaultConfigurationIsVisible = 0;
			defaultConfigurationName = Release;
		};
		9453FFF12AA20B9000A193DB /* Build configuration list for PBXNativeTarget "spendwiseUITests" */ = {
			isa = XCConfigurationList;
			buildConfigurations = (
				9453FFF22AA20B9000A193DB /* Debug */,
				9453FFF32AA20B9000A193DB /* Release */,
			);
			defaultConfigurationIsVisible = 0;
			defaultConfigurationName = Release;
		};
/* End XCConfigurationList section */
	};
	rootObject = 9453FFBF2AA20B8800A193DB /* Project object */;
}
